PODS:
  - audio_waveforms (0.0.1):
    - Flutter
  - CryptoSwift (1.8.4)
  - Flutter (1.0.0)
  - flutter_callkit_incoming_yoer (0.0.1):
    - CryptoSwift
    - Flutter
  - flutter_inappwebview_ios (0.0.1):
    - Flutter
    - flutter_inappwebview_ios/Core (= 0.0.1)
    - OrderedSet (~> 6.0.3)
  - flutter_inappwebview_ios/Core (0.0.1):
    - Flutter
    - OrderedSet (~> 6.0.3)
  - flutter_keyboard_visibility (0.0.1):
    - Flutter
  - flutter_local_notifications (0.0.1):
    - Flutter
  - flutter_logs (0.0.1):
    - Flutter
    - ZIPFoundation
  - flutter_ringtone_player (0.0.1):
    - Flutter
  - flutter_vibrate (0.0.1):
    - Flutter
  - flutter_volume_controller (0.0.1):
    - Flutter
  - fluttertoast (0.0.2):
    - Flutter
  - Google-Maps-iOS-Utils (6.1.0):
    - GoogleMaps (~> 9.0)
  - google_maps_flutter_ios (0.0.1):
    - Flutter
    - Google-Maps-iOS-Utils (< 7.0, >= 5.0)
    - GoogleMaps (< 10.0, >= 8.4)
  - GoogleMaps (9.4.0):
    - GoogleMaps/Maps (= 9.4.0)
  - GoogleMaps/Maps (9.4.0)
  - location (0.0.1):
    - Flutter
  - Masonry (1.1.0)
  - native_device_orientation (0.0.1):
    - Flutter
  - nb_utils (0.0.1):
    - Flutter
  - OrderedSet (6.0.3)
  - permission_handler_apple (9.3.0):
    - Flutter
  - sign_in_apple (0.0.1):
    - Flutter
  - sign_in_with_apple (0.0.1):
    - Flutter
  - vibration (3.0.0):
    - Flutter
  - zego_callkit (1.0.0):
    - Flutter
  - zego_express_engine (3.21.0):
    - Flutter
  - zego_uikit (0.0.1):
    - Flutter
    - Masonry
    - zego_express_engine
    - ZegoUIKitReport (= 0.2.10)
  - zego_uikit_prebuilt_call (0.0.1):
    - Flutter
  - zego_uikit_signaling_plugin (0.0.1):
    - Flutter
  - zego_zim (2.20.0):
    - Flutter
    - ZIM-Private (= 2.20.6.3312)
  - zego_zpns (2.6.0):
    - Flutter
    - ZPNs (= 2.6.0)
  - ZegoUIKitReport (0.2.10)
  - ZIM-Private (2.20.6.3312)
  - ZIPFoundation (0.9.19)
  - ZPNs (2.6.0)

DEPENDENCIES:
  - audio_waveforms (from `.symlinks/plugins/audio_waveforms/ios`)
  - Flutter (from `Flutter`)
  - flutter_callkit_incoming_yoer (from `.symlinks/plugins/flutter_callkit_incoming_yoer/ios`)
  - flutter_inappwebview_ios (from `.symlinks/plugins/flutter_inappwebview_ios/ios`)
  - flutter_keyboard_visibility (from `.symlinks/plugins/flutter_keyboard_visibility/ios`)
  - flutter_local_notifications (from `.symlinks/plugins/flutter_local_notifications/ios`)
  - flutter_logs (from `.symlinks/plugins/flutter_logs/ios`)
  - flutter_ringtone_player (from `.symlinks/plugins/flutter_ringtone_player/ios`)
  - flutter_vibrate (from `.symlinks/plugins/flutter_vibrate/ios`)
  - flutter_volume_controller (from `.symlinks/plugins/flutter_volume_controller/ios`)
  - fluttertoast (from `.symlinks/plugins/fluttertoast/ios`)
  - google_maps_flutter_ios (from `.symlinks/plugins/google_maps_flutter_ios/ios`)
  - location (from `.symlinks/plugins/location/ios`)
  - native_device_orientation (from `.symlinks/plugins/native_device_orientation/ios`)
  - nb_utils (from `.symlinks/plugins/nb_utils/ios`)
  - permission_handler_apple (from `.symlinks/plugins/permission_handler_apple/ios`)
  - sign_in_apple (from `.symlinks/plugins/sign_in_apple/ios`)
  - sign_in_with_apple (from `.symlinks/plugins/sign_in_with_apple/ios`)
  - vibration (from `.symlinks/plugins/vibration/ios`)
  - zego_callkit (from `.symlinks/plugins/zego_callkit/ios`)
  - zego_express_engine (from `.symlinks/plugins/zego_express_engine/ios`)
  - zego_uikit (from `.symlinks/plugins/zego_uikit/ios`)
  - zego_uikit_prebuilt_call (from `.symlinks/plugins/zego_uikit_prebuilt_call/ios`)
  - zego_uikit_signaling_plugin (from `.symlinks/plugins/zego_uikit_signaling_plugin/ios`)
  - zego_zim (from `.symlinks/plugins/zego_zim/ios`)
  - zego_zpns (from `.symlinks/plugins/zego_zpns/ios`)

SPEC REPOS:
  trunk:
    - CryptoSwift
    - Google-Maps-iOS-Utils
    - GoogleMaps
    - Masonry
    - OrderedSet
    - ZegoUIKitReport
    - ZIM-Private
    - ZIPFoundation
    - ZPNs

EXTERNAL SOURCES:
  audio_waveforms:
    :path: ".symlinks/plugins/audio_waveforms/ios"
  Flutter:
    :path: Flutter
  flutter_callkit_incoming_yoer:
    :path: ".symlinks/plugins/flutter_callkit_incoming_yoer/ios"
  flutter_inappwebview_ios:
    :path: ".symlinks/plugins/flutter_inappwebview_ios/ios"
  flutter_keyboard_visibility:
    :path: ".symlinks/plugins/flutter_keyboard_visibility/ios"
  flutter_local_notifications:
    :path: ".symlinks/plugins/flutter_local_notifications/ios"
  flutter_logs:
    :path: ".symlinks/plugins/flutter_logs/ios"
  flutter_ringtone_player:
    :path: ".symlinks/plugins/flutter_ringtone_player/ios"
  flutter_vibrate:
    :path: ".symlinks/plugins/flutter_vibrate/ios"
  flutter_volume_controller:
    :path: ".symlinks/plugins/flutter_volume_controller/ios"
  fluttertoast:
    :path: ".symlinks/plugins/fluttertoast/ios"
  google_maps_flutter_ios:
    :path: ".symlinks/plugins/google_maps_flutter_ios/ios"
  location:
    :path: ".symlinks/plugins/location/ios"
  native_device_orientation:
    :path: ".symlinks/plugins/native_device_orientation/ios"
  nb_utils:
    :path: ".symlinks/plugins/nb_utils/ios"
  permission_handler_apple:
    :path: ".symlinks/plugins/permission_handler_apple/ios"
  sign_in_apple:
    :path: ".symlinks/plugins/sign_in_apple/ios"
  sign_in_with_apple:
    :path: ".symlinks/plugins/sign_in_with_apple/ios"
  vibration:
    :path: ".symlinks/plugins/vibration/ios"
  zego_callkit:
    :path: ".symlinks/plugins/zego_callkit/ios"
  zego_express_engine:
    :path: ".symlinks/plugins/zego_express_engine/ios"
  zego_uikit:
    :path: ".symlinks/plugins/zego_uikit/ios"
  zego_uikit_prebuilt_call:
    :path: ".symlinks/plugins/zego_uikit_prebuilt_call/ios"
  zego_uikit_signaling_plugin:
    :path: ".symlinks/plugins/zego_uikit_signaling_plugin/ios"
  zego_zim:
    :path: ".symlinks/plugins/zego_zim/ios"
  zego_zpns:
    :path: ".symlinks/plugins/zego_zpns/ios"

SPEC CHECKSUMS:
  audio_waveforms: a6dde7fe7c0ea05f06ffbdb0f7c1b2b2ba6cedcf
  CryptoSwift: e64e11850ede528a02a0f3e768cec8e9d92ecb90
  Flutter: cabc95a1d2626b1b06e7179b784ebcf0c0cde467
  flutter_callkit_incoming_yoer: 83891ececea86d92a7430d1bae162b6c0934c954
  flutter_inappwebview_ios: b89ba3482b96fb25e00c967aae065701b66e9b99
  flutter_keyboard_visibility: 4625131e43015dbbe759d9b20daaf77e0e3f6619
  flutter_local_notifications: ad39620c743ea4c15127860f4b5641649a988100
  flutter_logs: 30a36079651dcdfb260dbff875bf882bbbcaa22e
  flutter_ringtone_player: a77c42464250845611eaa44c27e8714acc800138
  flutter_vibrate: 207bbbeb62dd5638b479846c8e46168d7229f14a
  flutter_volume_controller: c2be490cb0487e8b88d0d9fc2b7e1c139a4ebccb
  fluttertoast: 2c67e14dce98bbdb200df9e1acf610d7a6264ea1
  Google-Maps-iOS-Utils: 0a484b05ed21d88c9f9ebbacb007956edd508a96
  google_maps_flutter_ios: 0291eb2aa252298a769b04d075e4a9d747ff7264
  GoogleMaps: 0608099d4870cac8754bdba9b6953db543432438
  location: 155caecf9da4f280ab5fe4a55f94ceccfab838f8
  Masonry: 678fab65091a9290e40e2832a55e7ab731aad201
  native_device_orientation: e3580675687d5034770da198f6839ebf2122ef94
  nb_utils: f4e2d76a9018f7ac0ed7823d8efd6eca639c01a5
  OrderedSet: e539b66b644ff081c73a262d24ad552a69be3a94
  permission_handler_apple: 4ed2196e43d0651e8ff7ca3483a069d469701f2d
  sign_in_apple: 8dc723ca4030d519d6b41dd5e35b5eec8075fde7
  sign_in_with_apple: c5dcc141574c8c54d5ac99dd2163c0c72ad22418
  vibration: 69774ad57825b11c951ee4c46155f455d7a592ce
  zego_callkit: 8e3bc2e9fc6895cff1b27841b1de1100344d2613
  zego_express_engine: 1164f43c703759f55e0751377425f660d15b2904
  zego_uikit: 0843069d9d4d0e4845abf0ea9b24efa95c1760fa
  zego_uikit_prebuilt_call: 7fe09774f68ec5344fd16378ff2d3bc2de36c6f8
  zego_uikit_signaling_plugin: 89c53a021d449903c6e6a0642383bb7e5791e46e
  zego_zim: 54ca1d71cbd91c83bb56d63126016bd4a81f2777
  zego_zpns: e2ef9b972e9b6be00b78b32b71c550c426584752
  ZegoUIKitReport: a993f7ccc5d243998a7e601a60e16fcd6c084417
  ZIM-Private: 70c76400eb99981920e6e1edc7c7ebe09aba7bfe
  ZIPFoundation: b8c29ea7ae353b309bc810586181fd073cb3312c
  ZPNs: 73bad0046a74e37315201053f9a0e7ac625d9436

PODFILE CHECKSUM: c83b21314f23df709b24078011811f7a6e4eb4ff

COCOAPODS: 1.16.2
